
Microsoft Visual Studio Solution File, Format Version 12.00
# Visual Studio Version 16
VisualStudioVersion = 16.0.30804.86
MinimumVisualStudioVersion = 10.0.40219.1
Project("{FAE04EC0-301F-11D3-BF4B-00C04F79EFBC}") = "ClassMetotDemo", "ClassMetotDemo.csproj", "{E2D02234-B300-4A68-8B34-F61B89420EAD}"
EndProject
Global
	GlobalSection(SolutionConfigurationPlatforms) = preSolution
		Debug|Any CPU = Debug|Any CPU
		Release|Any CPU = Release|Any CPU
	EndGlobalSection
	GlobalSection(ProjectConfigurationPlatforms) = postSolution
		{E2D02234-B300-4A68-8B34-F61B89420EAD}.Debug|Any CPU.ActiveCfg = Debug|Any CPU
		{E2D02234-B300-4A68-8B34-F61B89420EAD}.Debug|Any CPU.Build.0 = Debug|Any CPU
		{E2D02234-B300-4A68-8B34-F61B89420EAD}.Release|Any CPU.ActiveCfg = Release|Any CPU
		{E2D02234-B300-4A68-8B34-F61B89420EAD}.Release|Any CPU.Build.0 = Release|Any CPU
	EndGlobalSection
	GlobalSection(SolutionProperties) = preSolution
		HideSolutionNode = FALSE
	EndGlobalSection
	GlobalSection(ExtensibilityGlobals) = postSolution
		SolutionGuid = {00F89CCA-8ADC-492C-8035-FA992E3F97D3}
	EndGlobalSection
EndGlobal
